// !$*UTF8*$!
{
	archiveVersion = 1;
	classes = {
	};
	objectVersion = 50;
	objects = {

/* Begin PBXBuildFile section */
		8E2B068424611F26000E25C9 /* AppDelegate.swift in Sources */ = {isa = PBXBuildFile; fileRef = 8E2B068324611F26000E25C9 /* AppDelegate.swift */; };
		8E2B068624611F26000E25C9 /* SceneDelegate.swift in Sources */ = {isa = PBXBuildFile; fileRef = 8E2B068524611F26000E25C9 /* SceneDelegate.swift */; };
		8E2B068B24611F26000E25C9 /* Main.storyboard in Resources */ = {isa = PBXBuildFile; fileRef = 8E2B068924611F26000E25C9 /* Main.storyboard */; };
		8E2B068D24611F26000E25C9 /* Assets.xcassets in Resources */ = {isa = PBXBuildFile; fileRef = 8E2B068C24611F26000E25C9 /* Assets.xcassets */; };
		8E2B069024611F26000E25C9 /* LaunchScreen.storyboard in Resources */ = {isa = PBXBuildFile; fileRef = 8E2B068E24611F26000E25C9 /* LaunchScreen.storyboard */; };
		8E2B06982461208E000E25C9 /* FriendViewController.swift in Sources */ = {isa = PBXBuildFile; fileRef = 8E2B06972461208E000E25C9 /* FriendViewController.swift */; };
		8EB685CF246E6E3A005EF220 /* FriendInfo.swift in Sources */ = {isa = PBXBuildFile; fileRef = 8EB685CE246E6E3A005EF220 /* FriendInfo.swift */; };
		8EB78A342461C7DE00F8AB2A /* DetailViewController.swift in Sources */ = {isa = PBXBuildFile; fileRef = 8EB78A332461C7DE00F8AB2A /* DetailViewController.swift */; };
/* End PBXBuildFile section */

/* Begin PBXFileReference section */
		8E2B068024611F26000E25C9 /* FriendList.app */ = {isa = PBXFileReference; explicitFileType = wrapper.application; includeInIndex = 0; path = FriendList.app; sourceTree = BUILT_PRODUCTS_DIR; };
		8E2B068324611F26000E25C9 /* AppDelegate.swift */ = {isa = PBXFileReference; lastKnownFileType = sourcecode.swift; path = AppDelegate.swift; sourceTree = "<group>"; };
		8E2B068524611F26000E25C9 /* SceneDelegate.swift */ = {isa = PBXFileReference; lastKnownFileType = sourcecode.swift; path = SceneDelegate.swift; sourceTree = "<group>"; };
		8E2B068A24611F26000E25C9 /* Base */ = {isa = PBXFileReference; lastKnownFileType = file.storyboard; name = Base; path = Base.lproj/Main.storyboard; sourceTree = "<group>"; };
		8E2B068C24611F26000E25C9 /* Assets.xcassets */ = {isa = PBXFileReference; lastKnownFileType = folder.assetcatalog; path = Assets.xcassets; sourceTree = "<group>"; };
		8E2B068F24611F26000E25C9 /* Base */ = {isa = PBXFileReference; lastKnownFileType = file.storyboard; name = Base; path = Base.lproj/LaunchScreen.storyboard; sourceTree = "<group>"; };
		8E2B069124611F26000E25C9 /* Info.plist */ = {isa = PBXFileReference; lastKnownFileType = text.plist.xml; path = Info.plist; sourceTree = "<group>"; };
		8E2B06972461208E000E25C9 /* FriendViewController.swift */ = {isa = PBXFileReference; lastKnownFileType = sourcecode.swift; path = FriendViewController.swift; sourceTree = "<group>"; };
		8EB685CE246E6E3A005EF220 /* FriendInfo.swift */ = {isa = PBXFileReference; lastKnownFileType = sourcecode.swift; path = FriendInfo.swift; sourceTree = "<group>"; };
		8EB78A332461C7DE00F8AB2A /* DetailViewController.swift */ = {isa = PBXFileReference; lastKnownFileType = sourcecode.swift; path = DetailViewController.swift; sourceTree = "<group>"; };
/* End PBXFileReference section */

/* Begin PBXFrameworksBuildPhase section */
		8E2B067D24611F26000E25C9 /* Frameworks */ = {
			isa = PBXFrameworksBuildPhase;
			buildActionMask = 2147483647;
			files = (
			);
			runOnlyForDeploymentPostprocessing = 0;
		};
/* End PBXFrameworksBuildPhase section */

/* Begin PBXGroup section */
		8E2B067724611F26000E25C9 = {
			isa = PBXGroup;
			children = (
				8E2B068224611F26000E25C9 /* FriendList */,
				8E2B068124611F26000E25C9 /* Products */,
			);
			sourceTree = "<group>";
		};
		8E2B068124611F26000E25C9 /* Products */ = {
			isa = PBXGroup;
			children = (
				8E2B068024611F26000E25C9 /* FriendList.app */,
			);
			name = Products;
			sourceTree = "<group>";
		};
		8E2B068224611F26000E25C9 /* FriendList */ = {
			isa = PBXGroup;
			children = (
				8E2B068324611F26000E25C9 /* AppDelegate.swift */,
				8EB78A332461C7DE00F8AB2A /* DetailViewController.swift */,
				8E2B068524611F26000E25C9 /* SceneDelegate.swift */,
				8E2B06972461208E000E25C9 /* FriendViewController.swift */,
				8EB685CE246E6E3A005EF220 /* FriendInfo.swift */,
				8E2B068924611F26000E25C9 /* Main.storyboard */,
				8E2B068C24611F26000E25C9 /* Assets.xcassets */,
				8E2B068E24611F26000E25C9 /* LaunchScreen.storyboard */,
				8E2B069124611F26000E25C9 /* Info.plist */,
			);
			path = FriendList;
			sourceTree = "<group>";
		};
/* End PBXGroup section */

/* Begin PBXNativeTarget section */
		8E2B067F24611F26000E25C9 /* FriendList */ = {
			isa = PBXNativeTarget;
			buildConfigurationList = 8E2B069424611F26000E25C9 /* Build configuration list for PBXNativeTarget "FriendList" */;
			buildPhases = (
				8E2B067C24611F26000E25C9 /* Sources */,
				8E2B067D24611F26000E25C9 /* Frameworks */,
				8E2B067E24611F26000E25C9 /* Resources */,
			);
			buildRules = (
			);
			dependencies = (
			);
			name = FriendList;
			productName = FriendList;
			productReference = 8E2B068024611F26000E25C9 /* FriendList.app */;
			productType = "com.apple.product-type.application";
		};
/* End PBXNativeTarget section */

/* Begin PBXProject section */
		8E2B067824611F26000E25C9 /* Project object */ = {
			isa = PBXProject;
			attributes = {
				LastSwiftUpdateCheck = 1140;
				LastUpgradeCheck = 1140;
				ORGANIZATIONNAME = Nigostarr;
				TargetAttributes = {
					8E2B067F24611F26000E25C9 = {
						CreatedOnToolsVersion = 11.4.1;
					};
				};
			};
			buildConfigurationList = 8E2B067B24611F26000E25C9 /* Build configuration list for PBXProject "FriendList" */;
			compatibilityVersion = "Xcode 9.3";
			developmentRegion = en;
			hasScannedForEncodings = 0;
			knownRegions = (
				en,
				Base,
			);
			mainGroup = 8E2B067724611F26000E25C9;
			productRefGroup = 8E2B068124611F26000E25C9 /* Products */;
			projectDirPath = "";
			projectRoot = "";
			targets = (
				8E2B067F24611F26000E25C9 /* FriendList */,
			);
		};
/* End PBXProject section */

/* Begin PBXResourcesBuildPhase section */
		8E2B067E24611F26000E25C9 /* Resources */ = {
			isa = PBXResourcesBuildPhase;
			buildActionMask = 2147483647;
			files = (
				8E2B069024611F26000E25C9 /* LaunchScreen.storyboard in Resources */,
				8E2B068D24611F26000E25C9 /* Assets.xcassets in Resources */,
				8E2B068B24611F26000E25C9 /* Main.storyboard in Resources */,
			);
			runOnlyForDeploymentPostprocessing = 0;
		};
/* End PBXResourcesBuildPhase section */

/* Begin PBXSourcesBuildPhase section */
		8E2B067C24611F26000E25C9 /* Sources */ = {
			isa = PBXSourcesBuildPhase;
			buildActionMask = 2147483647;
			files = (
				8E2B06982461208E000E25C9 /* FriendViewController.swift in Sources */,
				8E2B068424611F26000E25C9 /* AppDelegate.swift in Sources */,
				8E2B068624611F26000E25C9 /* SceneDelegate.swift in Sources */,
				8EB78A342461C7DE00F8AB2A /* DetailViewController.swift in Sources */,
				8EB685CF246E6E3A005EF220 /* FriendInfo.swift in Sources */,
			);
			runOnlyForDeploymentPostprocessing = 0;
		};
/* End PBXSourcesBuildPhase section */

/* Begin PBXVariantGroup section */
		8E2B068924611F26000E25C9 /* Main.storyboard */ = {
			isa = PBXVariantGroup;
			children = (
				8E2B068A24611F26000E25C9 /* Base */,
			);
			name = Main.storyboard;
			sourceTree = "<group>";
		};
		8E2B068E24611F26000E25C9 /* LaunchScreen.storyboard */ = {
			isa = PBXVariantGroup;
			children = (
				8E2B068F24611F26000E25C9 /* Base */,
			);
			name = LaunchScreen.storyboard;
			sourceTree = "<group>";
		};
/* End PBXVariantGroup section */

/* Begin XCBuildConfiguration section */
		8E2B069224611F26000E25C9 /* Debug */ = {
			isa = XCBuildConfiguration;
			buildSettings = {
				ALWAYS_SEARCH_USER_PATHS = NO;
				CLANG_ANALYZER_NONNULL = YES;
				CLANG_ANALYZER_NUMBER_OBJECT_CONVERSION = YES_AGGRESSIVE;
				CLANG_CXX_LANGUAGE_STANDARD = "gnu++14";
				CLANG_CXX_LIBRARY = "libc++";
				CLANG_ENABLE_MODULES = YES;
				CLANG_ENABLE_OBJC_ARC = YES;
				CLANG_ENABLE_OBJC_WEAK = YES;
				CLANG_WARN_BLOCK_CAPTURE_AUTORELEASING = YES;
				CLANG_WARN_BOOL_CONVERSION = YES;
				CLANG_WARN_COMMA = YES;
				CLANG_WARN_CONSTANT_CONVERSION = YES;
				CLANG_WARN_DEPRECATED_OBJC_IMPLEMENTATIONS = YES;
				CLANG_WARN_DIRECT_OBJC_ISA_USAGE = YES_ERROR;
				CLANG_WARN_DOCUMENTATION_COMMENTS = YES;
				CLANG_WARN_EMPTY_BODY = YES;
				CLANG_WARN_ENUM_CONVERSION = YES;
				CLANG_WARN_INFINITE_RECURSION = YES;
				CLANG_WARN_INT_CONVERSION = YES;
				CLANG_WARN_NON_LITERAL_NULL_CONVERSION = YES;
				CLANG_WARN_OBJC_IMPLICIT_RETAIN_SELF = YES;
				CLANG_WARN_OBJC_LITERAL_CONVERSION = YES;
				CLANG_WARN_OBJC_ROOT_CLASS = YES_ERROR;
				CLANG_WARN_RANGE_LOOP_ANALYSIS = YES;
				CLANG_WARN_STRICT_PROTOTYPES = YES;
				CLANG_WARN_SUSPICIOUS_MOVE = YES;
				CLANG_WARN_UNGUARDED_AVAILABILITY = YES_AGGRESSIVE;
				CLANG_WARN_UNREACHABLE_CODE = YES;
				CLANG_WARN__DUPLICATE_METHOD_MATCH = YES;
				COPY_PHASE_STRIP = NO;
				DEBUG_INFORMATION_FORMAT = dwarf;
				ENABLE_STRICT_OBJC_MSGSEND = YES;
				ENABLE_TESTABILITY = YES;
				GCC_C_LANGUAGE_STANDARD = gnu11;
				GCC_DYNAMIC_NO_PIC = NO;
				GCC_NO_COMMON_BLOCKS = YES;
				GCC_OPTIMIZATION_LEVEL = 0;
				GCC_PREPROCESSOR_DEFINITIONS = (
					"DEBUG=1",
					"$(inherited)",
				);
				GCC_WARN_64_TO_32_BIT_CONVERSION = YES;
				GCC_WARN_ABOUT_RETURN_TYPE = YES_ERROR;
				GCC_WARN_UNDECLARED_SELECTOR = YES;
				GCC_WARN_UNINITIALIZED_AUTOS = YES_AGGRESSIVE;
				GCC_WARN_UNUSED_FUNCTION = YES;
				GCC_WARN_UNUSED_VARIABLE = YES;
				IPHONEOS_DEPLOYMENT_TARGET = 13.4;
				MTL_ENABLE_DEBUG_INFO = INCLUDE_SOURCE;
				MTL_FAST_MATH = YES;
				ONLY_ACTIVE_ARCH = YES;
				SDKROOT = iphoneos;
				SWIFT_ACTIVE_COMPILATION_CONDITIONS = DEBUG;
				SWIFT_OPTIMIZATION_LEVEL = "-Onone";
			};
			name = Debug;
		};
		8E2B069324611F26000E25C9 /* Release */ = {
			isa = XCBuildConfiguration;
			buildSettings = {
				ALWAYS_SEARCH_USER_PATHS = NO;
				CLANG_ANALYZER_NONNULL = YES;
				CLANG_ANALYZER_NUMBER_OBJECT_CONVERSION = YES_AGGRESSIVE;
				CLANG_CXX_LANGUAGE_STANDARD = "gnu++14";
				CLANG_CXX_LIBRARY = "libc++";
				CLANG_ENABLE_MODULES = YES;
				CLANG_ENABLE_OBJC_ARC = YES;
				CLANG_ENABLE_OBJC_WEAK = YES;
				CLANG_WARN_BLOCK_CAPTURE_AUTORELEASING = YES;
				CLANG_WARN_BOOL_CONVERSION = YES;
				CLANG_WARN_COMMA = YES;
				CLANG_WARN_CONSTANT_CONVERSION = YES;
				CLANG_WARN_DEPRECATED_OBJC_IMPLEMENTATIONS = YES;
				CLANG_WARN_DIRECT_OBJC_ISA_USAGE = YES_ERROR;
				CLANG_WARN_DOCUMENTATION_COMMENTS = YES;
				CLANG_WARN_EMPTY_BODY = YES;
				CLANG_WARN_ENUM_CONVERSION = YES;
				CLANG_WARN_INFINITE_RECURSION = YES;
				CLANG_WARN_INT_CONVERSION = YES;
				CLANG_WARN_NON_LITERAL_NULL_CONVERSION = YES;
				CLANG_WARN_OBJC_IMPLICIT_RETAIN_SELF = YES;
				CLANG_WARN_OBJC_LITERAL_CONVERSION = YES;
				CLANG_WARN_OBJC_ROOT_CLASS = YES_ERROR;
				CLANG_WARN_RANGE_LOOP_ANALYSIS = YES;
				CLANG_WARN_STRICT_PROTOTYPES = YES;
				CLANG_WARN_SUSPICIOUS_MOVE = YES;
				CLANG_WARN_UNGUARDED_AVAILABILITY = YES_AGGRESSIVE;
				CLANG_WARN_UNREACHABLE_CODE = YES;
				CLANG_WARN__DUPLICATE_METHOD_MATCH = YES;
				COPY_PHASE_STRIP = NO;
				DEBUG_INFORMATION_FORMAT = "dwarf-with-dsym";
				ENABLE_NS_ASSERTIONS = NO;
				ENABLE_STRICT_OBJC_MSGSEND = YES;
				GCC_C_LANGUAGE_STANDARD = gnu11;
				GCC_NO_COMMON_BLOCKS = YES;
				GCC_WARN_64_TO_32_BIT_CONVERSION = YES;
				GCC_WARN_ABOUT_RETURN_TYPE = YES_ERROR;
				GCC_WARN_UNDECLARED_SELECTOR = YES;
				GCC_WARN_UNINITIALIZED_AUTOS = YES_AGGRESSIVE;
				GCC_WARN_UNUSED_FUNCTION = YES;
				GCC_WARN_UNUSED_VARIABLE = YES;
				IPHONEOS_DEPLOYMENT_TARGET = 13.4;
				MTL_ENABLE_DEBUG_INFO = NO;
				MTL_FAST_MATH = YES;
				SDKROOT = iphoneos;
				SWIFT_COMPILATION_MODE = wholemodule;
				SWIFT_OPTIMIZATION_LEVEL = "-O";
				VALIDATE_PRODUCT = YES;
			};
			name = Release;
		};
		8E2B069524611F26000E25C9 /* Debug */ = {
			isa = XCBuildConfiguration;
			buildSettings = {
				ASSETCATALOG_COMPILER_APPICON_NAME = AppIcon;
				CODE_SIGN_STYLE = Automatic;
				INFOPLIST_FILE = FriendList/Info.plist;
				LD_RUNPATH_SEARCH_PATHS = (
					"$(inherited)",
					"@executable_path/Frameworks",
				);
				PRODUCT_BUNDLE_IDENTIFIER = com.nigostarr.FriendList;
				PRODUCT_NAME = "$(TARGET_NAME)";
				SWIFT_VERSION = 5.0;
				TARGETED_DEVICE_FAMILY = "1,2";
			};
			name = Debug;
		};
		8E2B069624611F26000E25C9 /* Release */ = {
			isa = XCBuildConfiguration;
			buildSettings = {
				ASSETCATALOG_COMPILER_APPICON_NAME = AppIcon;
				CODE_SIGN_STYLE = Automatic;
				INFOPLIST_FILE = FriendList/Info.plist;
				LD_RUNPATH_SEARCH_PATHS = (
					"$(inherited)",
					"@executable_path/Frameworks",
				);
				PRODUCT_BUNDLE_IDENTIFIER = com.nigostarr.FriendList;
				PRODUCT_NAME = "$(TARGET_NAME)";
				SWIFT_VERSION = 5.0;
				TARGETED_DEVICE_FAMILY = "1,2";
			};
			name = Release;
		};
/* End XCBuildConfiguration section */

/* Begin XCConfigurationList section */
		8E2B067B24611F26000E25C9 /* Build configuration list for PBXProject "FriendList" */ = {
			isa = XCConfigurationList;
			buildConfigurations = (
				8E2B069224611F26000E25C9 /* Debug */,
				8E2B069324611F26000E25C9 /* Release */,
			);
			defaultConfigurationIsVisible = 0;
			defaultConfigurationName = Release;
		};
		8E2B069424611F26000E25C9 /* Build configuration list for PBXNativeTarget "FriendList" */ = {
			isa = XCConfigurationList;
			buildConfigurations = (
				8E2B069524611F26000E25C9 /* Debug */,
				8E2B069624611F26000E25C9 /* Release */,
			);
			defaultConfigurationIsVisible = 0;
			defaultConfigurationName = Release;
		};
/* End XCConfigurationList section */
	};
	rootObject = 8E2B067824611F26000E25C9 /* Project object */;
}
